
Microsoft Visual Studio Solution File, Format Version 12.00
# Visual Studio Version 16
VisualStudioVersion = 16.0.30225.117
MinimumVisualStudioVersion = 10.0.40219.1
Project("{8BC9CEB8-8B4A-11D0-8D11-00A0C91BC942}") = "20211117Reversi", "20211117Reversi\20211117Reversi.vcxproj", "{8170A75F-DB0E-4033-88F7-4ABDCA92E27D}"
EndProject
Global
	GlobalSection(SolutionConfigurationPlatforms) = preSolution
		Debug|x64 = Debug|x64
		Debug|x86 = Debug|x86
		Release|x64 = Release|x64
		Release|x86 = Release|x86
	EndGlobalSection
	GlobalSection(ProjectConfigurationPlatforms) = postSolution
		{8170A75F-DB0E-4033-88F7-4ABDCA92E27D}.Debug|x64.ActiveCfg = Debug|x64
		{8170A75F-DB0E-4033-88F7-4ABDCA92E27D}.Debug|x64.Build.0 = Debug|x64
		{8170A75F-DB0E-4033-88F7-4ABDCA92E27D}.Debug|x86.ActiveCfg = Debug|Win32
		{8170A75F-DB0E-4033-88F7-4ABDCA92E27D}.Debug|x86.Build.0 = Debug|Win32
		{8170A75F-DB0E-4033-88F7-4ABDCA92E27D}.Release|x64.ActiveCfg = Release|x64
		{8170A75F-DB0E-4033-88F7-4ABDCA92E27D}.Release|x64.Build.0 = Release|x64
		{8170A75F-DB0E-4033-88F7-4ABDCA92E27D}.Release|x86.ActiveCfg = Release|Win32
		{8170A75F-DB0E-4033-88F7-4ABDCA92E27D}.Release|x86.Build.0 = Release|Win32
	EndGlobalSection
	GlobalSection(SolutionProperties) = preSolution
		HideSolutionNode = FALSE
	EndGlobalSection
	GlobalSection(ExtensibilityGlobals) = postSolution
		SolutionGuid = {209B9741-EA62-4CAC-99B1-1DC9826C35A0}
	EndGlobalSection
EndGlobal
